
Microsoft Visual Studio Solution File, Format Version 12.00
# Visual Studio Version 16
VisualStudioVersion = 16.0.31321.278
MinimumVisualStudioVersion = 10.0.40219.1
Project("{FAE04EC0-301F-11D3-BF4B-00C04F79EFBC}") = "ProSwapperNetCore", "ProSwapperNetCore.csproj", "{273D190C-0D32-45A2-BDAC-3A5FBD20A89A}"
EndProject
Global
	GlobalSection(SolutionConfigurationPlatforms) = preSolution
		Debug|Any CPU = Debug|Any CPU
		Release|Any CPU = Release|Any CPU
	EndGlobalSection
	GlobalSection(ProjectConfigurationPlatforms) = postSolution
		{273D190C-0D32-45A2-BDAC-3A5FBD20A89A}.Debug|Any CPU.ActiveCfg = Debug|Any CPU
		{273D190C-0D32-45A2-BDAC-3A5FBD20A89A}.Debug|Any CPU.Build.0 = Debug|Any CPU
		{273D190C-0D32-45A2-BDAC-3A5FBD20A89A}.Release|Any CPU.ActiveCfg = Release|Any CPU
		{273D190C-0D32-45A2-BDAC-3A5FBD20A89A}.Release|Any CPU.Build.0 = Release|Any CPU
	EndGlobalSection
	GlobalSection(SolutionProperties) = preSolution
		HideSolutionNode = FALSE
	EndGlobalSection
	GlobalSection(ExtensibilityGlobals) = postSolution
		SolutionGuid = {23E90A27-A504-4F10-A3E3-3C587FBF4666}
	EndGlobalSection
EndGlobal
